{
    "hash": "918f0cd300e78600e76d221806daa0cd",
    "packages": [
        {
            "name": "mouf/database.dao-interface",
            "version": "2.0.x-dev",
            "source": {
                "type": "git",
                "url": "git@github.com:thecodingmachine/database.dao-interface.git",
                "reference": "3b392b92c5db823137ad389caa6752e4b685ca8e"
            },
            "dist": {
                "type": "zip",
                "url": "https://github.com/thecodingmachine/database.dao-interface/archive/3b392b92c5db823137ad389caa6752e4b685ca8e.zip",
                "reference": "3b392b92c5db823137ad389caa6752e4b685ca8e",
                "shasum": ""
            },
            "require": {
                "php": ">=5.3.0"
            },
            "time": "1353082780",
            "type": "library",
            "installation-source": "source",
            "autoload": {
                "psr-0": {
                    "Mouf": "src/"
                }
            },
            "license": [
                "MIT"
            ],
            "authors": [
                {
                    "name": "Kevin Nguyen",
                    "email": "k.nguyen@thecodingmachine.com",
                    "homepage": "http://mouf-php.com"
                }
            ],
            "description": "This package only contains a basic interface for implementing common DAO methods. Those DAOs will be used by BCE forms among other things.",
            "homepage": "http://www.mouf-php.com/",
            "keywords": [
                "database",
                "interface",
                "dao"
            ]
        },
        {
            "name": "mouf/database.dbconnection",
            "version": "2.0.x-dev",
            "source": {
                "type": "git",
                "url": "git@github.com:thecodingmachine/database.dbconnection.git",
                "reference": "d99e3009d49760ea14f8aae00f96698d9c7f0521"
            },
            "dist": {
                "type": "zip",
                "url": "https://github.com/thecodingmachine/database.dbconnection/archive/d99e3009d49760ea14f8aae00f96698d9c7f0521.zip",
                "reference": "d99e3009d49760ea14f8aae00f96698d9c7f0521",
                "shasum": ""
            },
            "require": {
                "php": ">=5.3.0"
            },
            "time": "1353361246",
            "type": "mouf-library",
            "extra": {
                "mouf": {
                    "install": [
                        {
                            "type": "url",
                            "url": "dbconnectioninstall/"
                        }
                    ],
                    "require-admin": [
                        "src/DbConnectionAdmin.php"
                    ]
                }
            },
            "installation-source": "source",
            "autoload": {
                "psr-0": {
                    "Mouf": "src/"
                }
            },
            "license": [
                "MIT"
            ],
            "authors": [
                {
                    "name": "David Négrier",
                    "email": "d.negrier@thecodingmachine.com",
                    "homepage": "http://mouf-php.com"
                }
            ],
            "description": "This package contains object to perform database connections. Connections are performed using the PDO library. Therefore, the PDO extension must be enabled to use this package. This package will allow you to connect to MySql and PostgreSql databases. The DB Connection class has special features to help you get informations about the database schema, and especially about the constraints between tables.",
            "homepage": "https://github.com/thecodingmachine/database.dbconnection",
            "keywords": [
                "database",
                "mouf",
                "dbconnection"
            ]
        },
        {
            "name": "mouf/mouf-installer",
            "version": "2.0.x-dev",
            "source": {
                "type": "git",
                "url": "git@github.com:thecodingmachine/mouf-installer.git",
                "reference": "476cccdd665679d889ee9b78ceacfa2d71493770"
            },
            "dist": {
                "type": "zip",
                "url": "https://github.com/thecodingmachine/mouf-installer/archive/476cccdd665679d889ee9b78ceacfa2d71493770.zip",
                "reference": "476cccdd665679d889ee9b78ceacfa2d71493770",
                "shasum": ""
            },
            "require": {
                "php": ">=5.3.0"
            },
            "time": "1353579327",
            "type": "composer-installer",
            "extra": {
                "class": [
                    "Mouf\\Installer\\MoufLibraryInstaller",
                    "Mouf\\Installer\\MoufFrameworkInstaller"
                ]
            },
            "installation-source": "source",
            "autoload": {
                "psr-0": {
                    "Mouf": "src/"
                }
            },
            "license": [
                "MIT"
            ],
            "authors": [
                {
                    "name": "David Négrier",
                    "email": "d.negrier@thecodingmachine.com",
                    "homepage": "http://mouf-php.com"
                }
            ],
            "description": "The Mouf-installer package is a composer in charge of installing any package with the 'mouf-library' type.",
            "homepage": "http://mouf-php.com",
            "keywords": [
                "install",
                "mouf"
            ]
        },
        {
            "name": "mouf/utils.cache.cache-interface",
            "version": "2.0.x-dev",
            "source": {
                "type": "git",
                "url": "git@github.com:thecodingmachine/utils.cache.cache-interface.git",
                "reference": "a05b50d7bbf122df33c393ed1dfb4e1d83cab4dc"
            },
            "dist": {
                "type": "zip",
                "url": "https://github.com/thecodingmachine/utils.cache.cache-interface/archive/a05b50d7bbf122df33c393ed1dfb4e1d83cab4dc.zip",
                "reference": "a05b50d7bbf122df33c393ed1dfb4e1d83cab4dc",
                "shasum": ""
            },
            "require": {
                "php": ">=5.3.0"
            },
            "time": "1352565985",
            "type": "library",
            "extra": {
                "mouf": {
                    "require-admin": [
                        "CacheAdmin.php"
                    ]
                }
            },
            "installation-source": "source",
            "autoload": {
                "psr-0": {
                    "Mouf": "src/"
                }
            },
            "license": [
                "MIT"
            ],
            "authors": [
                {
                    "name": "David Négrier",
                    "email": "d.negrier@thecodingmachine.com",
                    "homepage": "http://mouf-php.com"
                }
            ],
            "description": "This package only contains the interface that must be implemented by caching classes. Unless you want to implement your own caching method, you should import a cache package that will use this interface. For instance, common.utils.session-cache, or common.utils.file-cache.",
            "homepage": "https://github.com/thecodingmachine/utils.cache.cache-interface",
            "keywords": [
                "cache",
                "interface",
                "mouf"
            ]
        },
        {
            "name": "mouf/utils.cache.no-cache",
            "version": "2.0.x-dev",
            "source": {
                "type": "git",
                "url": "git@github.com:thecodingmachine/utils.cache.no-cache.git",
                "reference": "a83c79da67db0eb5247aadb1ce9c4fe59f377a91"
            },
            "dist": {
                "type": "zip",
                "url": "https://github.com/thecodingmachine/utils.cache.no-cache/archive/a83c79da67db0eb5247aadb1ce9c4fe59f377a91.zip",
                "reference": "a83c79da67db0eb5247aadb1ce9c4fe59f377a91",
                "shasum": ""
            },
            "require": {
                "php": ">=5.3.0",
                "mouf/utils.cache.cache-interface": "2.*",
                "mouf/utils.log.log_interface": "2.*"
            },
            "time": "1347297409",
            "type": "library",
            "installation-source": "source",
            "autoload": {
                "psr-0": {
                    "Mouf": "src/"
                }
            },
            "license": [
                "MIT"
            ],
            "authors": [
                {
                    "name": "David Négrier",
                    "email": "d.negrier@thecodingmachine.com",
                    "homepage": "http://mouf-php.com"
                }
            ],
            "description": "This package contains a cache mechanism that... does not cache anything. This is useful if another component requires a cache mechanism and if you don't want to provide any (for development purpose...).",
            "homepage": "https://github.com/thecodingmachine/utils.cache.no-cache",
            "keywords": [
                "cache",
                "mouf",
                "nocache"
            ]
        },
        {
            "name": "mouf/utils.common.conditioninterface",
            "version": "2.0.x-dev",
            "source": {
                "type": "git",
                "url": "git@github.com:thecodingmachine/utils.common.conditioninterface.git",
                "reference": "1a381ed8bd3bc26e0f1a29a9478848ecb99c3255"
            },
            "dist": {
                "type": "zip",
                "url": "https://github.com/thecodingmachine/utils.common.conditioninterface/archive/1a381ed8bd3bc26e0f1a29a9478848ecb99c3255.zip",
                "reference": "1a381ed8bd3bc26e0f1a29a9478848ecb99c3255",
                "shasum": ""
            },
            "require": {
                "php": ">=5.3.0"
            },
            "time": "1345745387",
            "type": "library",
            "installation-source": "source",
            "autoload": {
                "psr-0": {
                    "Mouf": "src/"
                }
            },
            "license": [
                "MIT"
            ],
            "authors": [
                {
                    "name": "David Négrier",
                    "email": "d.negrier@thecodingmachine.com",
                    "homepage": "http://mouf-php.com"
                }
            ],
            "description": "This package contains one interface for condition, and a few classes that implement it. For instance, AndCondition that requires all conditions to be met, and OrCondition that requires at least one condition to be met. A condition is a class that possesses an 'isOk' method. The condition returns true if the condition is met, and false otherwise.",
            "homepage": "https://github.com/thecodingmachine/utils.common.conditioninterface",
            "keywords": [
                "interface",
                "condition"
            ]
        },
        {
            "name": "mouf/utils.log.errorlog_logger",
            "version": "2.0.x-dev",
            "source": {
                "type": "git",
                "url": "git@github.com:thecodingmachine/utils.log.errorlog_logger.git",
                "reference": "d36d57646560ab3d29c1fac06b4062ada0a6ae7a"
            },
            "dist": {
                "type": "zip",
                "url": "https://github.com/thecodingmachine/utils.log.errorlog_logger/archive/d36d57646560ab3d29c1fac06b4062ada0a6ae7a.zip",
                "reference": "d36d57646560ab3d29c1fac06b4062ada0a6ae7a",
                "shasum": ""
            },
            "require": {
                "php": ">=5.3.0",
                "mouf/utils.log.log_interface": ">=2.0-dev,<3.0",
                "mouf/mouf-installer": ">=2.0-dev,<3.0"
            },
            "provide": {
                "mouf/utils.log.logger": "1.0"
            },
            "time": "1353355683",
            "type": "mouf-library",
            "extra": {
                "mouf": {
                    "install": [
                        {
                            "type": "file",
                            "file": "src/install.php"
                        }
                    ]
                }
            },
            "installation-source": "source",
            "autoload": {
                "psr-0": {
                    "Mouf": "src/"
                }
            },
            "license": [
                "MIT"
            ],
            "authors": [
                {
                    "name": "David Négrier",
                    "email": "d.negrier@thecodingmachine.com",
                    "homepage": "http://mouf-php.com"
                }
            ],
            "description": "This package contains a logger that logs messages directly to the PHP error log (using the error_log PHP function)",
            "homepage": "https://github.com/thecodingmachine/utils.log.errorlog_logger",
            "keywords": [
                "log",
                "logger",
                "error_log"
            ]
        },
        {
            "name": "mouf/utils.log.log_interface",
            "version": "2.0.x-dev",
            "source": {
                "type": "git",
                "url": "git@github.com:thecodingmachine/utils.log.log_interface.git",
                "reference": "4b35d3e554a9d1cb1624a191611f0609d91de3c8"
            },
            "dist": {
                "type": "zip",
                "url": "https://github.com/thecodingmachine/utils.log.log_interface/archive/4b35d3e554a9d1cb1624a191611f0609d91de3c8.zip",
                "reference": "4b35d3e554a9d1cb1624a191611f0609d91de3c8",
                "shasum": ""
            },
            "require": {
                "php": ">=5.3.0",
                "mouf/utils.log.logger": "1.*"
            },
            "time": "1352991614",
            "type": "library",
            "installation-source": "source",
            "autoload": {
                "psr-0": {
                    "Mouf": "src/"
                }
            },
            "license": [
                "MIT"
            ],
            "authors": [
                {
                    "name": "David Négrier",
                    "email": "d.negrier@thecodingmachine.com",
                    "homepage": "http://mouf-php.com"
                }
            ],
            "description": "This package contains an interface used by many components to log messages. Please download a logger package that implements this interface (like the utils.log.errorlog_logger package)",
            "homepage": "https://github.com/thecodingmachine/utils.log.log_interface",
            "keywords": [
                "log",
                "logger",
                "interface"
            ]
        }
    ],
    "packages-dev": null,
    "aliases": [

    ],
    "minimum-stability": "dev",
    "stability-flags": [

    ]
}
